
Microsoft Visual Studio Solution File, Format Version 12.00
# Visual Studio Version 17
VisualStudioVersion = 17.10.35013.160
MinimumVisualStudioVersion = 10.0.40219.1
Project("{FAE04EC0-301F-11D3-BF4B-00C04F79EFBC}") = "WebApplication1", "WebApplication1\WebApplication1.csproj", "{6AD11F09-A750-4041-9D8E-0CCF82AD9772}"
EndProject
Global
	GlobalSection(SolutionConfigurationPlatforms) = preSolution
		Debug|Any CPU = Debug|Any CPU
		Release|Any CPU = Release|Any CPU
	EndGlobalSection
	GlobalSection(ProjectConfigurationPlatforms) = postSolution
		{6AD11F09-A750-4041-9D8E-0CCF82AD9772}.Debug|Any CPU.ActiveCfg = Debug|Any CPU
		{6AD11F09-A750-4041-9D8E-0CCF82AD9772}.Debug|Any CPU.Build.0 = Debug|Any CPU
		{6AD11F09-A750-4041-9D8E-0CCF82AD9772}.Release|Any CPU.ActiveCfg = Release|Any CPU
		{6AD11F09-A750-4041-9D8E-0CCF82AD9772}.Release|Any CPU.Build.0 = Release|Any CPU
	EndGlobalSection
	GlobalSection(SolutionProperties) = preSolution
		HideSolutionNode = FALSE
	EndGlobalSection
	GlobalSection(ExtensibilityGlobals) = postSolution
		SolutionGuid = {628D0A1C-0626-42F7-AFBA-55705722C566}
	EndGlobalSection
EndGlobal
